
Microsoft Visual Studio Solution File, Format Version 12.00
# Visual Studio Version 17
VisualStudioVersion = 17.14.36705.20 d17.14
MinimumVisualStudioVersion = 10.0.40219.1
Project("{FAE04EC0-301F-11D3-BF4B-00C04F79EFBC}") = "Superheroes-Managment", "Superheroes-Managment\Superheroes-Managment.csproj", "{9A1225C0-C817-4372-AB07-193703206A29}"
EndProject
Global
	GlobalSection(SolutionConfigurationPlatforms) = preSolution
		Debug|Any CPU = Debug|Any CPU
		Release|Any CPU = Release|Any CPU
	EndGlobalSection
	GlobalSection(ProjectConfigurationPlatforms) = postSolution
		{9A1225C0-C817-4372-AB07-193703206A29}.Debug|Any CPU.ActiveCfg = Debug|Any CPU
		{9A1225C0-C817-4372-AB07-193703206A29}.Debug|Any CPU.Build.0 = Debug|Any CPU
		{9A1225C0-C817-4372-AB07-193703206A29}.Release|Any CPU.ActiveCfg = Release|Any CPU
		{9A1225C0-C817-4372-AB07-193703206A29}.Release|Any CPU.Build.0 = Release|Any CPU
	EndGlobalSection
	GlobalSection(SolutionProperties) = preSolution
		HideSolutionNode = FALSE
	EndGlobalSection
	GlobalSection(ExtensibilityGlobals) = postSolution
		SolutionGuid = {20782915-5312-4B0A-8F7C-7F62EDC0B74A}
	EndGlobalSection
EndGlobal
